// !$*UTF8*$!
{
	archiveVersion = 1;
	classes = {
	};
	objectVersion = 55;
	objects = {

/* Begin PBXBuildFile section */
		6808EDE8296498770045BA8A /* debug.c in Sources */ = {isa = PBXBuildFile; fileRef = 6808EDE6296498770045BA8A /* debug.c */; };
		6808EDEB2964988F0045BA8A /* unpack.c in Sources */ = {isa = PBXBuildFile; fileRef = 6808EDEA2964988F0045BA8A /* unpack.c */; };
		6888D8B328A6DE0700678F7E /* utils.cpp in Sources */ = {isa = PBXBuildFile; fileRef = 6888D8B128A6DE0700678F7E /* utils.cpp */; };
		68C976D828A17A6A003E8C13 /* main.cpp in Sources */ = {isa = PBXBuildFile; fileRef = 68C976D728A17A6A003E8C13 /* main.cpp */; };
		68C976F728A17D26003E8C13 /* platform.c in Sources */ = {isa = PBXBuildFile; fileRef = 68C976EE28A17D25003E8C13 /* platform.c */; };
		68C976F828A17D26003E8C13 /* utils.c in Sources */ = {isa = PBXBuildFile; fileRef = 68C976F028A17D25003E8C13 /* utils.c */; };
		68C976FD28A1887B003E8C13 /* extractor.cpp in Sources */ = {isa = PBXBuildFile; fileRef = 68C976FB28A1887B003E8C13 /* extractor.cpp */; };
/* End PBXBuildFile section */

/* Begin PBXCopyFilesBuildPhase section */
		68C976D228A17A6A003E8C13 /* CopyFiles */ = {
			isa = PBXCopyFilesBuildPhase;
			buildActionMask = 2147483647;
			dstPath = /usr/share/man/man1/;
			dstSubfolderSpec = 0;
			files = (
			);
			runOnlyForDeploymentPostprocessing = 1;
		};
/* End PBXCopyFilesBuildPhase section */

/* Begin PBXFileReference section */
		6808EDE4295F7D570045BA8A /* wav.hpp */ = {isa = PBXFileReference; lastKnownFileType = sourcecode.cpp.h; path = wav.hpp; sourceTree = "<group>"; };
		6808EDE6296498770045BA8A /* debug.c */ = {isa = PBXFileReference; fileEncoding = 4; lastKnownFileType = sourcecode.c.c; path = debug.c; sourceTree = "<group>"; };
		6808EDE7296498770045BA8A /* debug.h */ = {isa = PBXFileReference; fileEncoding = 4; lastKnownFileType = sourcecode.c.h; path = debug.h; sourceTree = "<group>"; };
		6808EDE92964988F0045BA8A /* unpack.h */ = {isa = PBXFileReference; fileEncoding = 4; lastKnownFileType = sourcecode.c.h; path = unpack.h; sourceTree = "<group>"; };
		6808EDEA2964988F0045BA8A /* unpack.c */ = {isa = PBXFileReference; fileEncoding = 4; lastKnownFileType = sourcecode.c.c; path = unpack.c; sourceTree = "<group>"; };
		6888D8B128A6DE0700678F7E /* utils.cpp */ = {isa = PBXFileReference; lastKnownFileType = sourcecode.cpp.cpp; path = utils.cpp; sourceTree = "<group>"; };
		6888D8B228A6DE0700678F7E /* utils.hpp */ = {isa = PBXFileReference; lastKnownFileType = sourcecode.cpp.h; path = utils.hpp; sourceTree = "<group>"; };
		6888D8B628A7045800678F7E /* README.md */ = {isa = PBXFileReference; lastKnownFileType = net.daringfireball.markdown; path = README.md; sourceTree = "<group>"; };
		6888D8B728A7045800678F7E /* LICENSE.md */ = {isa = PBXFileReference; lastKnownFileType = net.daringfireball.markdown; path = LICENSE.md; sourceTree = "<group>"; };
		68C976D428A17A6A003E8C13 /* silm-extract */ = {isa = PBXFileReference; explicitFileType = "compiled.mach-o.executable"; includeInIndex = 0; path = "silm-extract"; sourceTree = BUILT_PRODUCTS_DIR; };
		68C976D728A17A6A003E8C13 /* main.cpp */ = {isa = PBXFileReference; lastKnownFileType = sourcecode.cpp.cpp; path = main.cpp; sourceTree = "<group>"; };
		68C976E028A17D25003E8C13 /* LICENSE.md */ = {isa = PBXFileReference; fileEncoding = 4; lastKnownFileType = net.daringfireball.markdown; path = LICENSE.md; sourceTree = "<group>"; };
		68C976E228A17D25003E8C13 /* README.md */ = {isa = PBXFileReference; fileEncoding = 4; lastKnownFileType = net.daringfireball.markdown; path = README.md; sourceTree = "<group>"; };
		68C976E328A17D25003E8C13 /* .gitignore */ = {isa = PBXFileReference; fileEncoding = 4; lastKnownFileType = text; path = .gitignore; sourceTree = "<group>"; };
		68C976EB28A17D25003E8C13 /* utils.h */ = {isa = PBXFileReference; fileEncoding = 4; lastKnownFileType = sourcecode.c.h; path = utils.h; sourceTree = "<group>"; };
		68C976EC28A17D25003E8C13 /* config.h */ = {isa = PBXFileReference; fileEncoding = 4; lastKnownFileType = sourcecode.c.h; path = config.h; sourceTree = "<group>"; };
		68C976EE28A17D25003E8C13 /* platform.c */ = {isa = PBXFileReference; fileEncoding = 4; lastKnownFileType = sourcecode.c.c; path = platform.c; sourceTree = "<group>"; };
		68C976F028A17D25003E8C13 /* utils.c */ = {isa = PBXFileReference; fileEncoding = 4; lastKnownFileType = sourcecode.c.c; path = utils.c; sourceTree = "<group>"; };
		68C976F128A17D25003E8C13 /* main.c */ = {isa = PBXFileReference; fileEncoding = 4; lastKnownFileType = sourcecode.c.c; path = main.c; sourceTree = "<group>"; };
		68C976F428A17D25003E8C13 /* platform.h */ = {isa = PBXFileReference; fileEncoding = 4; lastKnownFileType = sourcecode.c.h; path = platform.h; sourceTree = "<group>"; };
		68C976FB28A1887B003E8C13 /* extractor.cpp */ = {isa = PBXFileReference; lastKnownFileType = sourcecode.cpp.cpp; path = extractor.cpp; sourceTree = "<group>"; };
		68C976FC28A1887B003E8C13 /* extractor.hpp */ = {isa = PBXFileReference; lastKnownFileType = sourcecode.cpp.h; path = extractor.hpp; sourceTree = "<group>"; };
/* End PBXFileReference section */

/* Begin PBXFrameworksBuildPhase section */
		68C976D128A17A6A003E8C13 /* Frameworks */ = {
			isa = PBXFrameworksBuildPhase;
			buildActionMask = 2147483647;
			files = (
			);
			runOnlyForDeploymentPostprocessing = 0;
		};
/* End PBXFrameworksBuildPhase section */

/* Begin PBXGroup section */
		68C976CB28A17A6A003E8C13 = {
			isa = PBXGroup;
			children = (
				6888D8B728A7045800678F7E /* LICENSE.md */,
				6888D8B628A7045800678F7E /* README.md */,
				68C976D628A17A6A003E8C13 /* silm-extract */,
				68C976D528A17A6A003E8C13 /* Products */,
			);
			sourceTree = "<group>";
		};
		68C976D528A17A6A003E8C13 /* Products */ = {
			isa = PBXGroup;
			children = (
				68C976D428A17A6A003E8C13 /* silm-extract */,
			);
			name = Products;
			sourceTree = "<group>";
		};
		68C976D628A17A6A003E8C13 /* silm-extract */ = {
			isa = PBXGroup;
			children = (
				68C976D728A17A6A003E8C13 /* main.cpp */,
				68C976FB28A1887B003E8C13 /* extractor.cpp */,
				68C976FC28A1887B003E8C13 /* extractor.hpp */,
				6888D8B128A6DE0700678F7E /* utils.cpp */,
				6888D8B228A6DE0700678F7E /* utils.hpp */,
				6808EDE4295F7D570045BA8A /* wav.hpp */,
				68C976DE28A17D25003E8C13 /* third-party */,
			);
			path = "silm-extract";
			sourceTree = "<group>";
		};
		68C976DE28A17D25003E8C13 /* third-party */ = {
			isa = PBXGroup;
			children = (
				68C976DF28A17D25003E8C13 /* silm-depack */,
			);
			path = "third-party";
			sourceTree = "<group>";
		};
		68C976DF28A17D25003E8C13 /* silm-depack */ = {
			isa = PBXGroup;
			children = (
				68C976E028A17D25003E8C13 /* LICENSE.md */,
				68C976E228A17D25003E8C13 /* README.md */,
				68C976E328A17D25003E8C13 /* .gitignore */,
				68C976EA28A17D25003E8C13 /* src */,
			);
			path = "silm-depack";
			sourceTree = "<group>";
		};
		68C976EA28A17D25003E8C13 /* src */ = {
			isa = PBXGroup;
			children = (
				68C976EC28A17D25003E8C13 /* config.h */,
				6808EDE6296498770045BA8A /* debug.c */,
				6808EDE7296498770045BA8A /* debug.h */,
				6808EDEA2964988F0045BA8A /* unpack.c */,
				6808EDE92964988F0045BA8A /* unpack.h */,
				68C976F128A17D25003E8C13 /* main.c */,
				68C976EE28A17D25003E8C13 /* platform.c */,
				68C976F428A17D25003E8C13 /* platform.h */,
				68C976F028A17D25003E8C13 /* utils.c */,
				68C976EB28A17D25003E8C13 /* utils.h */,
			);
			path = src;
			sourceTree = "<group>";
		};
/* End PBXGroup section */

/* Begin PBXNativeTarget section */
		68C976D328A17A6A003E8C13 /* silm-extract */ = {
			isa = PBXNativeTarget;
			buildConfigurationList = 68C976DB28A17A6A003E8C13 /* Build configuration list for PBXNativeTarget "silm-extract" */;
			buildPhases = (
				68C976D028A17A6A003E8C13 /* Sources */,
				68C976D128A17A6A003E8C13 /* Frameworks */,
				68C976D228A17A6A003E8C13 /* CopyFiles */,
			);
			buildRules = (
			);
			dependencies = (
			);
			name = "silm-extract";
			productName = "silm-extract";
			productReference = 68C976D428A17A6A003E8C13 /* silm-extract */;
			productType = "com.apple.product-type.tool";
		};
/* End PBXNativeTarget section */

/* Begin PBXProject section */
		68C976CC28A17A6A003E8C13 /* Project object */ = {
			isa = PBXProject;
			attributes = {
				BuildIndependentTargetsInParallel = 1;
				LastUpgradeCheck = 1420;
				TargetAttributes = {
					68C976D328A17A6A003E8C13 = {
						CreatedOnToolsVersion = 13.4.1;
					};
				};
			};
			buildConfigurationList = 68C976CF28A17A6A003E8C13 /* Build configuration list for PBXProject "silm-extract" */;
			compatibilityVersion = "Xcode 13.0";
			developmentRegion = en;
			hasScannedForEncodings = 0;
			knownRegions = (
				en,
				Base,
			);
			mainGroup = 68C976CB28A17A6A003E8C13;
			productRefGroup = 68C976D528A17A6A003E8C13 /* Products */;
			projectDirPath = "";
			projectRoot = "";
			targets = (
				68C976D328A17A6A003E8C13 /* silm-extract */,
			);
		};
/* End PBXProject section */

/* Begin PBXSourcesBuildPhase section */
		68C976D028A17A6A003E8C13 /* Sources */ = {
			isa = PBXSourcesBuildPhase;
			buildActionMask = 2147483647;
			files = (
				68C976F828A17D26003E8C13 /* utils.c in Sources */,
				68C976F728A17D26003E8C13 /* platform.c in Sources */,
				6808EDE8296498770045BA8A /* debug.c in Sources */,
				6808EDEB2964988F0045BA8A /* unpack.c in Sources */,
				6888D8B328A6DE0700678F7E /* utils.cpp in Sources */,
				68C976FD28A1887B003E8C13 /* extractor.cpp in Sources */,
				68C976D828A17A6A003E8C13 /* main.cpp in Sources */,
			);
			runOnlyForDeploymentPostprocessing = 0;
		};
/* End PBXSourcesBuildPhase section */

/* Begin XCBuildConfiguration section */
		68C976D928A17A6A003E8C13 /* Debug */ = {
			isa = XCBuildConfiguration;
			buildSettings = {
				ALWAYS_SEARCH_USER_PATHS = NO;
				CLANG_ANALYZER_NONNULL = YES;
				CLANG_ANALYZER_NUMBER_OBJECT_CONVERSION = YES_AGGRESSIVE;
				CLANG_CXX_LANGUAGE_STANDARD = "gnu++17";
				CLANG_ENABLE_MODULES = YES;
				CLANG_ENABLE_OBJC_ARC = YES;
				CLANG_ENABLE_OBJC_WEAK = YES;
				CLANG_WARN_BLOCK_CAPTURE_AUTORELEASING = YES;
				CLANG_WARN_BOOL_CONVERSION = YES;
				CLANG_WARN_COMMA = YES;
				CLANG_WARN_CONSTANT_CONVERSION = YES;
				CLANG_WARN_DEPRECATED_OBJC_IMPLEMENTATIONS = YES;
				CLANG_WARN_DIRECT_OBJC_ISA_USAGE = YES_ERROR;
				CLANG_WARN_DOCUMENTATION_COMMENTS = YES;
				CLANG_WARN_EMPTY_BODY = YES;
				CLANG_WARN_ENUM_CONVERSION = YES;
				CLANG_WARN_INFINITE_RECURSION = YES;
				CLANG_WARN_INT_CONVERSION = YES;
				CLANG_WARN_NON_LITERAL_NULL_CONVERSION = YES;
				CLANG_WARN_OBJC_IMPLICIT_RETAIN_SELF = YES;
				CLANG_WARN_OBJC_LITERAL_CONVERSION = YES;
				CLANG_WARN_OBJC_ROOT_CLASS = YES_ERROR;
				CLANG_WARN_QUOTED_INCLUDE_IN_FRAMEWORK_HEADER = YES;
				CLANG_WARN_RANGE_LOOP_ANALYSIS = YES;
				CLANG_WARN_STRICT_PROTOTYPES = YES;
				CLANG_WARN_SUSPICIOUS_MOVE = YES;
				CLANG_WARN_UNGUARDED_AVAILABILITY = YES_AGGRESSIVE;
				CLANG_WARN_UNREACHABLE_CODE = YES;
				CLANG_WARN__DUPLICATE_METHOD_MATCH = YES;
				COPY_PHASE_STRIP = NO;
				DEAD_CODE_STRIPPING = YES;
				DEBUG_INFORMATION_FORMAT = dwarf;
				ENABLE_STRICT_OBJC_MSGSEND = YES;
				ENABLE_TESTABILITY = YES;
				GCC_C_LANGUAGE_STANDARD = gnu11;
				GCC_DYNAMIC_NO_PIC = NO;
				GCC_NO_COMMON_BLOCKS = YES;
				GCC_OPTIMIZATION_LEVEL = 0;
				GCC_PREPROCESSOR_DEFINITIONS = (
					"DEBUG=1",
					"$(inherited)",
				);
				GCC_WARN_64_TO_32_BIT_CONVERSION = YES;
				GCC_WARN_ABOUT_RETURN_TYPE = YES_ERROR;
				GCC_WARN_UNDECLARED_SELECTOR = YES;
				GCC_WARN_UNINITIALIZED_AUTOS = YES_AGGRESSIVE;
				GCC_WARN_UNUSED_FUNCTION = YES;
				GCC_WARN_UNUSED_VARIABLE = YES;
				MACOSX_DEPLOYMENT_TARGET = 12.3;
				MTL_ENABLE_DEBUG_INFO = INCLUDE_SOURCE;
				MTL_FAST_MATH = YES;
				ONLY_ACTIVE_ARCH = YES;
				SDKROOT = macosx;
			};
			name = Debug;
		};
		68C976DA28A17A6A003E8C13 /* Release */ = {
			isa = XCBuildConfiguration;
			buildSettings = {
				ALWAYS_SEARCH_USER_PATHS = NO;
				CLANG_ANALYZER_NONNULL = YES;
				CLANG_ANALYZER_NUMBER_OBJECT_CONVERSION = YES_AGGRESSIVE;
				CLANG_CXX_LANGUAGE_STANDARD = "gnu++17";
				CLANG_ENABLE_MODULES = YES;
				CLANG_ENABLE_OBJC_ARC = YES;
				CLANG_ENABLE_OBJC_WEAK = YES;
				CLANG_WARN_BLOCK_CAPTURE_AUTORELEASING = YES;
				CLANG_WARN_BOOL_CONVERSION = YES;
				CLANG_WARN_COMMA = YES;
				CLANG_WARN_CONSTANT_CONVERSION = YES;
				CLANG_WARN_DEPRECATED_OBJC_IMPLEMENTATIONS = YES;
				CLANG_WARN_DIRECT_OBJC_ISA_USAGE = YES_ERROR;
				CLANG_WARN_DOCUMENTATION_COMMENTS = YES;
				CLANG_WARN_EMPTY_BODY = YES;
				CLANG_WARN_ENUM_CONVERSION = YES;
				CLANG_WARN_INFINITE_RECURSION = YES;
				CLANG_WARN_INT_CONVERSION = YES;
				CLANG_WARN_NON_LITERAL_NULL_CONVERSION = YES;
				CLANG_WARN_OBJC_IMPLICIT_RETAIN_SELF = YES;
				CLANG_WARN_OBJC_LITERAL_CONVERSION = YES;
				CLANG_WARN_OBJC_ROOT_CLASS = YES_ERROR;
				CLANG_WARN_QUOTED_INCLUDE_IN_FRAMEWORK_HEADER = YES;
				CLANG_WARN_RANGE_LOOP_ANALYSIS = YES;
				CLANG_WARN_STRICT_PROTOTYPES = YES;
				CLANG_WARN_SUSPICIOUS_MOVE = YES;
				CLANG_WARN_UNGUARDED_AVAILABILITY = YES_AGGRESSIVE;
				CLANG_WARN_UNREACHABLE_CODE = YES;
				CLANG_WARN__DUPLICATE_METHOD_MATCH = YES;
				COPY_PHASE_STRIP = NO;
				DEAD_CODE_STRIPPING = YES;
				DEBUG_INFORMATION_FORMAT = "dwarf-with-dsym";
				ENABLE_NS_ASSERTIONS = NO;
				ENABLE_STRICT_OBJC_MSGSEND = YES;
				GCC_C_LANGUAGE_STANDARD = gnu11;
				GCC_NO_COMMON_BLOCKS = YES;
				GCC_WARN_64_TO_32_BIT_CONVERSION = YES;
				GCC_WARN_ABOUT_RETURN_TYPE = YES_ERROR;
				GCC_WARN_UNDECLARED_SELECTOR = YES;
				GCC_WARN_UNINITIALIZED_AUTOS = YES_AGGRESSIVE;
				GCC_WARN_UNUSED_FUNCTION = YES;
				GCC_WARN_UNUSED_VARIABLE = YES;
				MACOSX_DEPLOYMENT_TARGET = 12.3;
				MTL_ENABLE_DEBUG_INFO = NO;
				MTL_FAST_MATH = YES;
				SDKROOT = macosx;
			};
			name = Release;
		};
		68C976DC28A17A6A003E8C13 /* Debug */ = {
			isa = XCBuildConfiguration;
			buildSettings = {
				CODE_SIGN_IDENTITY = "-";
				CODE_SIGN_STYLE = Automatic;
				DEAD_CODE_STRIPPING = YES;
				HEADER_SEARCH_PATHS = /opt/homebrew/include;
				LIBRARY_SEARCH_PATHS = /opt/homebrew/lib;
				OTHER_LDFLAGS = "-lpng";
				PRODUCT_NAME = "$(TARGET_NAME)";
				USER_HEADER_SEARCH_PATHS = (
					/opt/homebrew/include,
					"third-party/silm-depack/src",
				);
			};
			name = Debug;
		};
		68C976DD28A17A6A003E8C13 /* Release */ = {
			isa = XCBuildConfiguration;
			buildSettings = {
				CODE_SIGN_IDENTITY = "-";
				CODE_SIGN_STYLE = Automatic;
				DEAD_CODE_STRIPPING = YES;
				HEADER_SEARCH_PATHS = /opt/homebrew/include;
				LIBRARY_SEARCH_PATHS = /opt/homebrew/lib;
				OTHER_LDFLAGS = "-lpng";
				PRODUCT_NAME = "$(TARGET_NAME)";
				USER_HEADER_SEARCH_PATHS = (
					/opt/homebrew/include,
					"third-party/silm-depack/src",
				);
			};
			name = Release;
		};
/* End XCBuildConfiguration section */

/* Begin XCConfigurationList section */
		68C976CF28A17A6A003E8C13 /* Build configuration list for PBXProject "silm-extract" */ = {
			isa = XCConfigurationList;
			buildConfigurations = (
				68C976D928A17A6A003E8C13 /* Debug */,
				68C976DA28A17A6A003E8C13 /* Release */,
			);
			defaultConfigurationIsVisible = 0;
			defaultConfigurationName = Release;
		};
		68C976DB28A17A6A003E8C13 /* Build configuration list for PBXNativeTarget "silm-extract" */ = {
			isa = XCConfigurationList;
			buildConfigurations = (
				68C976DC28A17A6A003E8C13 /* Debug */,
				68C976DD28A17A6A003E8C13 /* Release */,
			);
			defaultConfigurationIsVisible = 0;
			defaultConfigurationName = Release;
		};
/* End XCConfigurationList section */
	};
	rootObject = 68C976CC28A17A6A003E8C13 /* Project object */;
}
